
Microsoft Visual Studio Solution File, Format Version 12.00
# Visual Studio Version 17
VisualStudioVersion = 17.0.31903.59
MinimumVisualStudioVersion = 10.0.40219.1
Project("{9A19103F-16F7-4668-BE54-9A1E7A4F7556}") = "HACC", "src\HACC\HACC.csproj", "{1A9BF377-DB0B-4A72-8912-F99F1B26DCEE}"
EndProject
Project("{9A19103F-16F7-4668-BE54-9A1E7A4F7556}") = "Terminal.Gui", "src\gui.cs\Terminal.Gui\Terminal.Gui.csproj", "{BF26B58B-C949-4B9F-8208-15E8CA3245B7}"
EndProject
Project("{9A19103F-16F7-4668-BE54-9A1E7A4F7556}") = "Blazor.Extensions.Canvas", "src\Blazor.Extensions.Canvas\src\Blazor.Extensions.Canvas\Blazor.Extensions.Canvas.csproj", "{5152081F-6837-40CD-9A98-D4F05AC8AC19}"
EndProject
Project("{9A19103F-16F7-4668-BE54-9A1E7A4F7556}") = "Blazor.Extensions.Canvas.JS", "src\Blazor.Extensions.Canvas\src\Blazor.Extensions.Canvas.JS\Blazor.Extensions.Canvas.JS.csproj", "{5C839EC5-2449-4EFE-BB9D-992275D4C8F8}"
EndProject
Project("{9A19103F-16F7-4668-BE54-9A1E7A4F7556}") = "Blazor.Extensions.Canvas.Test.ClientSide", "src\Blazor.Extensions.Canvas\test\Blazor.Extensions.Canvas.Test.ClientSide\Blazor.Extensions.Canvas.Test.ClientSide.csproj", "{CD81725C-C979-4D26-AC4F-18EB86E7F4E7}"
EndProject
Project("{9A19103F-16F7-4668-BE54-9A1E7A4F7556}") = "Blazor.Extensions.Canvas.Test.ServerSide", "src\Blazor.Extensions.Canvas\test\Blazor.Extensions.Canvas.Test.ServerSide\Blazor.Extensions.Canvas.Test.ServerSide.csproj", "{4AB80082-6306-4282-B937-098E8ECB8537}"
EndProject
Project("{9A19103F-16F7-4668-BE54-9A1E7A4F7556}") = "HACC.Demo", "src\HACC.Demo\HACC.Demo.csproj", "{C071EFA3-2EDE-4EC4-A6A0-F205F4694C67}"
EndProject
Project("{9A19103F-16F7-4668-BE54-9A1E7A4F7556}") = "Renci.SshNet", "src\SSH.NET\src\Renci.SshNet\Renci.SshNet.csproj", "{3AFEC1AE-8109-40DB-8886-47C9D00A7028}"
EndProject
Global
	GlobalSection(SolutionConfigurationPlatforms) = preSolution
		Debug|Any CPU = Debug|Any CPU
		Release|Any CPU = Release|Any CPU
	EndGlobalSection
	GlobalSection(ProjectConfigurationPlatforms) = postSolution
		{1A9BF377-DB0B-4A72-8912-F99F1B26DCEE}.Debug|Any CPU.ActiveCfg = Debug|Any CPU
		{1A9BF377-DB0B-4A72-8912-F99F1B26DCEE}.Debug|Any CPU.Build.0 = Debug|Any CPU
		{1A9BF377-DB0B-4A72-8912-F99F1B26DCEE}.Release|Any CPU.ActiveCfg = Release|Any CPU
		{1A9BF377-DB0B-4A72-8912-F99F1B26DCEE}.Release|Any CPU.Build.0 = Release|Any CPU
		{BF26B58B-C949-4B9F-8208-15E8CA3245B7}.Debug|Any CPU.ActiveCfg = Debug|Any CPU
		{BF26B58B-C949-4B9F-8208-15E8CA3245B7}.Debug|Any CPU.Build.0 = Debug|Any CPU
		{BF26B58B-C949-4B9F-8208-15E8CA3245B7}.Release|Any CPU.ActiveCfg = Release|Any CPU
		{BF26B58B-C949-4B9F-8208-15E8CA3245B7}.Release|Any CPU.Build.0 = Release|Any CPU
		{5152081F-6837-40CD-9A98-D4F05AC8AC19}.Debug|Any CPU.ActiveCfg = Debug|Any CPU
		{5152081F-6837-40CD-9A98-D4F05AC8AC19}.Debug|Any CPU.Build.0 = Debug|Any CPU
		{5152081F-6837-40CD-9A98-D4F05AC8AC19}.Release|Any CPU.ActiveCfg = Release|Any CPU
		{5152081F-6837-40CD-9A98-D4F05AC8AC19}.Release|Any CPU.Build.0 = Release|Any CPU
		{5C839EC5-2449-4EFE-BB9D-992275D4C8F8}.Debug|Any CPU.ActiveCfg = Debug|Any CPU
		{5C839EC5-2449-4EFE-BB9D-992275D4C8F8}.Debug|Any CPU.Build.0 = Debug|Any CPU
		{5C839EC5-2449-4EFE-BB9D-992275D4C8F8}.Release|Any CPU.ActiveCfg = Release|Any CPU
		{5C839EC5-2449-4EFE-BB9D-992275D4C8F8}.Release|Any CPU.Build.0 = Release|Any CPU
		{CD81725C-C979-4D26-AC4F-18EB86E7F4E7}.Debug|Any CPU.ActiveCfg = Debug|Any CPU
		{CD81725C-C979-4D26-AC4F-18EB86E7F4E7}.Debug|Any CPU.Build.0 = Debug|Any CPU
		{CD81725C-C979-4D26-AC4F-18EB86E7F4E7}.Release|Any CPU.ActiveCfg = Release|Any CPU
		{CD81725C-C979-4D26-AC4F-18EB86E7F4E7}.Release|Any CPU.Build.0 = Release|Any CPU
		{4AB80082-6306-4282-B937-098E8ECB8537}.Debug|Any CPU.ActiveCfg = Debug|Any CPU
		{4AB80082-6306-4282-B937-098E8ECB8537}.Debug|Any CPU.Build.0 = Debug|Any CPU
		{4AB80082-6306-4282-B937-098E8ECB8537}.Release|Any CPU.ActiveCfg = Release|Any CPU
		{4AB80082-6306-4282-B937-098E8ECB8537}.Release|Any CPU.Build.0 = Release|Any CPU
		{C071EFA3-2EDE-4EC4-A6A0-F205F4694C67}.Debug|Any CPU.ActiveCfg = Debug|Any CPU
		{C071EFA3-2EDE-4EC4-A6A0-F205F4694C67}.Debug|Any CPU.Build.0 = Debug|Any CPU
		{C071EFA3-2EDE-4EC4-A6A0-F205F4694C67}.Release|Any CPU.ActiveCfg = Release|Any CPU
		{C071EFA3-2EDE-4EC4-A6A0-F205F4694C67}.Release|Any CPU.Build.0 = Release|Any CPU
		{3AFEC1AE-8109-40DB-8886-47C9D00A7028}.Debug|Any CPU.ActiveCfg = Debug|Any CPU
		{3AFEC1AE-8109-40DB-8886-47C9D00A7028}.Debug|Any CPU.Build.0 = Debug|Any CPU
		{3AFEC1AE-8109-40DB-8886-47C9D00A7028}.Release|Any CPU.ActiveCfg = Release|Any CPU
		{3AFEC1AE-8109-40DB-8886-47C9D00A7028}.Release|Any CPU.Build.0 = Release|Any CPU
	EndGlobalSection
	GlobalSection(SolutionProperties) = preSolution
		HideSolutionNode = FALSE
	EndGlobalSection
	GlobalSection(ExtensibilityGlobals) = postSolution
		SolutionGuid = {C53630DB-CA65-4ADF-ACB2-2843F5F6A6BA}
	EndGlobalSection
EndGlobal
