
Microsoft Visual Studio Solution File, Format Version 12.00
# Visual Studio Version 17
VisualStudioVersion = 17.0.31903.59
MinimumVisualStudioVersion = 10.0.40219.1
Project("{9A19103F-16F7-4668-BE54-9A1E7A4F7556}") = "HACC", "src\HACC\HACC.csproj", "{1A9BF377-DB0B-4A72-8912-F99F1B26DCEE}"
EndProject
Project("{9A19103F-16F7-4668-BE54-9A1E7A4F7556}") = "HACC.Demo", "src\HACC.Demo\HACC.Demo.csproj", "{A129D6E9-274B-4E5C-81E5-79A36F1D6ED6}"
EndProject
Project("{9A19103F-16F7-4668-BE54-9A1E7A4F7556}") = "HACC.Blazor.Extensions.Canvas", "src\HACC.Blazor.Extensions.Canvas\src\HACC.Blazor.Extensions.Canvas\HACC.Blazor.Extensions.Canvas.csproj", "{9451E28E-8B00-4624-A0A3-6610D54FFA55}"
EndProject
Project("{9A19103F-16F7-4668-BE54-9A1E7A4F7556}") = "HACC.Blazor.Extensions.Canvas.Test.ClientSide", "src\HACC.Blazor.Extensions.Canvas\test\HACC.Blazor.Extensions.Canvas.Test.ClientSide\HACC.Blazor.Extensions.Canvas.Test.ClientSide.csproj", "{46FB7FB0-470B-455F-B9BA-3E0F95A8AE3C}"
EndProject
Project("{9A19103F-16F7-4668-BE54-9A1E7A4F7556}") = "HACC.Blazor.Extensions.Canvas.Test.ServerSide", "src\HACC.Blazor.Extensions.Canvas\test\HACC.Blazor.Extensions.Canvas.Test.ServerSide\HACC.Blazor.Extensions.Canvas.Test.ServerSide.csproj", "{9A9AB208-10CB-42F7-B05A-8CB1F0F2A1F2}"
EndProject
Project("{9A19103F-16F7-4668-BE54-9A1E7A4F7556}") = "HACC.Blazor.Extensions.Canvas.JS", "src\HACC.Blazor.Extensions.Canvas\src\HACC.Blazor.Extensions.Canvas.JS\HACC.Blazor.Extensions.Canvas.JS.csproj", "{27AAE2DB-36FA-45B4-8063-32AFD0EA77AE}"
EndProject
Project("{2150E333-8FDC-42A3-9474-1A3956D46DE8}") = "Solution Items", "Solution Items", "{17851D8D-94F3-4532-B227-96D608EF27CB}"
	ProjectSection(SolutionItems) = preProject
		.github\workflows\dotnet.yml = .github\workflows\dotnet.yml
		LICENSE = LICENSE
		README.md = README.md
		SECURITY.md = SECURITY.md
	EndProjectSection
EndProject
Global
	GlobalSection(SolutionConfigurationPlatforms) = preSolution
		Debug|Any CPU = Debug|Any CPU
		Release|Any CPU = Release|Any CPU
	EndGlobalSection
	GlobalSection(ProjectConfigurationPlatforms) = postSolution
		{1A9BF377-DB0B-4A72-8912-F99F1B26DCEE}.Debug|Any CPU.ActiveCfg = Debug|Any CPU
		{1A9BF377-DB0B-4A72-8912-F99F1B26DCEE}.Debug|Any CPU.Build.0 = Debug|Any CPU
		{1A9BF377-DB0B-4A72-8912-F99F1B26DCEE}.Release|Any CPU.ActiveCfg = Release|Any CPU
		{1A9BF377-DB0B-4A72-8912-F99F1B26DCEE}.Release|Any CPU.Build.0 = Release|Any CPU
		{A129D6E9-274B-4E5C-81E5-79A36F1D6ED6}.Debug|Any CPU.ActiveCfg = Debug|Any CPU
		{A129D6E9-274B-4E5C-81E5-79A36F1D6ED6}.Debug|Any CPU.Build.0 = Debug|Any CPU
		{A129D6E9-274B-4E5C-81E5-79A36F1D6ED6}.Release|Any CPU.ActiveCfg = Release|Any CPU
		{A129D6E9-274B-4E5C-81E5-79A36F1D6ED6}.Release|Any CPU.Build.0 = Release|Any CPU
		{9451E28E-8B00-4624-A0A3-6610D54FFA55}.Debug|Any CPU.ActiveCfg = Debug|Any CPU
		{9451E28E-8B00-4624-A0A3-6610D54FFA55}.Debug|Any CPU.Build.0 = Debug|Any CPU
		{9451E28E-8B00-4624-A0A3-6610D54FFA55}.Release|Any CPU.ActiveCfg = Release|Any CPU
		{9451E28E-8B00-4624-A0A3-6610D54FFA55}.Release|Any CPU.Build.0 = Release|Any CPU
		{46FB7FB0-470B-455F-B9BA-3E0F95A8AE3C}.Debug|Any CPU.ActiveCfg = Debug|Any CPU
		{46FB7FB0-470B-455F-B9BA-3E0F95A8AE3C}.Debug|Any CPU.Build.0 = Debug|Any CPU
		{46FB7FB0-470B-455F-B9BA-3E0F95A8AE3C}.Release|Any CPU.ActiveCfg = Release|Any CPU
		{46FB7FB0-470B-455F-B9BA-3E0F95A8AE3C}.Release|Any CPU.Build.0 = Release|Any CPU
		{9A9AB208-10CB-42F7-B05A-8CB1F0F2A1F2}.Debug|Any CPU.ActiveCfg = Debug|Any CPU
		{9A9AB208-10CB-42F7-B05A-8CB1F0F2A1F2}.Debug|Any CPU.Build.0 = Debug|Any CPU
		{9A9AB208-10CB-42F7-B05A-8CB1F0F2A1F2}.Release|Any CPU.ActiveCfg = Release|Any CPU
		{9A9AB208-10CB-42F7-B05A-8CB1F0F2A1F2}.Release|Any CPU.Build.0 = Release|Any CPU
		{27AAE2DB-36FA-45B4-8063-32AFD0EA77AE}.Debug|Any CPU.ActiveCfg = Debug|Any CPU
		{27AAE2DB-36FA-45B4-8063-32AFD0EA77AE}.Debug|Any CPU.Build.0 = Debug|Any CPU
		{27AAE2DB-36FA-45B4-8063-32AFD0EA77AE}.Release|Any CPU.ActiveCfg = Release|Any CPU
		{27AAE2DB-36FA-45B4-8063-32AFD0EA77AE}.Release|Any CPU.Build.0 = Release|Any CPU
	EndGlobalSection
	GlobalSection(SolutionProperties) = preSolution
		HideSolutionNode = FALSE
	EndGlobalSection
	GlobalSection(ExtensibilityGlobals) = postSolution
		SolutionGuid = {C53630DB-CA65-4ADF-ACB2-2843F5F6A6BA}
	EndGlobalSection
EndGlobal
